
Microsoft Visual Studio Solution File, Format Version 12.00
# Visual Studio Version 16
VisualStudioVersion = 16.0.31424.327
MinimumVisualStudioVersion = 10.0.40219.1
Project("{FAE04EC0-301F-11D3-BF4B-00C04F79EFBC}") = "Blog", "Blog\Blog.csproj", "{8707D33D-0B9D-4FFD-A089-C5F8BDF441FD}"
EndProject
Global
	GlobalSection(SolutionConfigurationPlatforms) = preSolution
		Debug|Any CPU = Debug|Any CPU
		Release|Any CPU = Release|Any CPU
	EndGlobalSection
	GlobalSection(ProjectConfigurationPlatforms) = postSolution
		{8707D33D-0B9D-4FFD-A089-C5F8BDF441FD}.Debug|Any CPU.ActiveCfg = Debug|Any CPU
		{8707D33D-0B9D-4FFD-A089-C5F8BDF441FD}.Debug|Any CPU.Build.0 = Debug|Any CPU
		{8707D33D-0B9D-4FFD-A089-C5F8BDF441FD}.Release|Any CPU.ActiveCfg = Release|Any CPU
		{8707D33D-0B9D-4FFD-A089-C5F8BDF441FD}.Release|Any CPU.Build.0 = Release|Any CPU
	EndGlobalSection
	GlobalSection(SolutionProperties) = preSolution
		HideSolutionNode = FALSE
	EndGlobalSection
	GlobalSection(ExtensibilityGlobals) = postSolution
		SolutionGuid = {090D05F9-194B-4B5C-B4B8-8A1F2B499B86}
	EndGlobalSection
EndGlobal
